
Microsoft Visual Studio Solution File, Format Version 12.00
# Visual Studio 2015
Project("{FAE04EC0-301F-11D3-BF4B-00C04F79EFBC}") = "LD38_SmarrWolrd", "LD38_SmarrWolrd.csproj", "{8162CAA6-AB4A-97CF-B234-86CD0DB69C68}"
EndProject
Project("{FAE04EC0-301F-11D3-BF4B-00C04F79EFBC}") = "LD38_SmarrWolrd.Editor", "LD38_SmarrWolrd.Editor.csproj", "{F7DF5344-7737-B8AB-541C-4D54C94096F6}"
EndProject
Global
	GlobalSection(SolutionConfigurationPlatforms) = preSolution
		Debug|Any CPU = Debug|Any CPU
		Release|Any CPU = Release|Any CPU
	EndGlobalSection
	GlobalSection(ProjectConfigurationPlatforms) = postSolution
		{8162CAA6-AB4A-97CF-B234-86CD0DB69C68}.Debug|Any CPU.ActiveCfg = Debug|Any CPU
		{8162CAA6-AB4A-97CF-B234-86CD0DB69C68}.Debug|Any CPU.Build.0 = Debug|Any CPU
		{8162CAA6-AB4A-97CF-B234-86CD0DB69C68}.Release|Any CPU.ActiveCfg = Release|Any CPU
		{8162CAA6-AB4A-97CF-B234-86CD0DB69C68}.Release|Any CPU.Build.0 = Release|Any CPU
		{F7DF5344-7737-B8AB-541C-4D54C94096F6}.Debug|Any CPU.ActiveCfg = Debug|Any CPU
		{F7DF5344-7737-B8AB-541C-4D54C94096F6}.Debug|Any CPU.Build.0 = Debug|Any CPU
		{F7DF5344-7737-B8AB-541C-4D54C94096F6}.Release|Any CPU.ActiveCfg = Release|Any CPU
		{F7DF5344-7737-B8AB-541C-4D54C94096F6}.Release|Any CPU.Build.0 = Release|Any CPU
	EndGlobalSection
	GlobalSection(SolutionProperties) = preSolution
		HideSolutionNode = FALSE
	EndGlobalSection
EndGlobal
